{
  "requires": true,
  "lockfileVersion": 1,
  "dependencies": {
    "@angular/animations": {
      "version": "9.1.7",
      "resolved": "https://registry.npmjs.org/@angular/animations/-/animations-9.1.7.tgz",
      "integrity": "sha512-1wW8ndGMLDuE2LpTN2RNRz1Dt7JgVBeVmOPMgzoA7g1uuvm+jESTrGG7W3BzLzG0BE2TeXt0fY90o4iU+S2Rmg=="
    },
    "@angular/cdk": {
      "version": "9.2.3",
      "resolved": "https://registry.npmjs.org/@angular/cdk/-/cdk-9.2.3.tgz",
      "integrity": "sha512-tQr/yt8GNGsZ/DTT+PMq7XdRmL56hwVCyf8F12JQAawutSLfTfMb+S1lpN7L/0Pb/L5JBuCfG2HmXK7vHo02gw==",
      "requires": {
        "parse5": "^5.0.0"
      }
    },
    "@angular/core": {
      "version": "9.1.7",
      "resolved": "https://registry.npmjs.org/@angular/core/-/core-9.1.7.tgz",
      "integrity": "sha512-uJSZ+rdGL47gc3A+Fal1XwJYB4WWpYJrNifvoQ2nOs+X5Qu+j0HN6GXPJb4kixoNzjYCGxmLoirdT3xhNZFcfQ=="
    },
    "@angular/material": {
      "version": "9.2.3",
      "resolved": "https://registry.npmjs.org/@angular/material/-/material-9.2.3.tgz",
      "integrity": "sha512-QJltLNp8a/eoozPgkFLISEWgdlX9q9+fZaLJ8c9tHEp2IT5sFYBFHf8dPl0pUyxgOXkS/0HD43I1qki71/T7Kw=="
    },
    "moment": {
      "version": "2.25.3",
      "resolved": "https://registry.npmjs.org/moment/-/moment-2.25.3.tgz",
      "integrity": "sha512-PuYv0PHxZvzc15Sp8ybUCoQ+xpyPWvjOuK72a5ovzp2LI32rJXOiIfyoFoYvG3s6EwwrdkMyWuRiEHSZRLJNdg=="
    },
    "parse5": {
      "version": "5.1.1",
      "resolved": "https://registry.npmjs.org/parse5/-/parse5-5.1.1.tgz",
      "integrity": "sha512-ugq4DFI0Ptb+WWjAdOK16+u/nHfiIrcE+sh8kZMaM0WllQKLI9rOUq6c2b7cwPkXdzfQESqvoqK6ug7U/Yyzug=="
    },
    "rxjs": {
      "version": "6.5.5",
      "resolved": "https://registry.npmjs.org/rxjs/-/rxjs-6.5.5.tgz",
      "integrity": "sha512-WfQI+1gohdf0Dai/Bbmk5L5ItH5tYqm3ki2c5GdWhKjalzjg93N3avFjVStyZZz+A2Em+ZxKH5bNghw9UeylGQ==",
      "requires": {
        "tslib": "^1.9.0"
      }
    },
    "rxjs-compat": {
      "version": "6.5.5",
      "resolved": "https://registry.npmjs.org/rxjs-compat/-/rxjs-compat-6.5.5.tgz",
      "integrity": "sha512-F42sssVbUyWH4vJswEo6m+Eh02xHv3q93n8S7nUJO58R7sbc3CvJIOts605zdaBhWa1xMB9aVSyqPqhQ5q3eXg=="
    },
    "tslib": {
      "version": "1.11.1",
      "resolved": "https://registry.npmjs.org/tslib/-/tslib-1.11.1.tgz",
      "integrity": "sha512-aZW88SY8kQbU7gpV19lN24LtXh/yD4ZZg6qieAJDDg+YBsJcSmLGK9QpnUjAKVG/xefmvJGd1WUmfpT/g6AJGA=="
    }
  }
}
